# This file is autogenerated, do not edit; changes may be undone by the next 'dep ensure'.


[[projects]]
  digest = "1:9f3b30d9f8e0d7040f729b82dcbc8f0dead820a133b3147ce355fc451f32d761"
  name = "github.com/BurntSushi/toml"
  packages = ["."]
  pruneopts = "UT"
  revision = "3012a1dbe2e4bd1391d42b32f0577cb7bbc7f005"
  version = "v0.3.1"

[[projects]]
  digest = "1:7f89e0c888fb99c61055c646f5678aae645b0b0a1443d9b2dcd9964d850827ce"
  name = "github.com/go-test/deep"
  packages = ["."]
  pruneopts = "UT"
  revision = "6592d9cc0a499ad2d5f574fde80a2b5c5cc3b4f5"
  version = "v1.0.1"

[[projects]]
  digest = "1:c51bb1393f770b4edc9470b63ddd48e05505668cb840a22003fc2b2c341c5d34"
  name = "github.com/gobuffalo/buffalo-plugins"
  packages = [
    "plugins",
    "plugins/plugdeps",
  ]
  pruneopts = "UT"
  revision = "d241d5c27a4afc185a54ed1c8a23b27193459a6d"
  version = "v1.9.3"

[[projects]]
  digest = "1:bd342004ef1bb83bee8709e2ad630e47a95d069f7fcb60ee1b8bceb4bbbe14ae"
  name = "github.com/gobuffalo/envy"
  packages = ["."]
  pruneopts = "UT"
  revision = "801d7253ade1f895f74596b9a96147ed2d3b087e"
  version = "v1.6.11"

[[projects]]
  digest = "1:162c24dc1a7b2a487e5bfe99be2e7f66dfa2ae5605235504dd6962df00e3e9fd"
  name = "github.com/gobuffalo/events"
  packages = ["."]
  pruneopts = "UT"
  revision = "737cbff69244d23760f88158381db90594b0c33c"
  version = "v1.1.8"

[[projects]]
  branch = "master"
  digest = "1:ee24ebbe62128c02924bb336d1e1334ec7fde2ee34f66b16ea74a93ade722c57"
  name = "github.com/gobuffalo/flect"
  packages = [
    ".",
    "name",
  ]
  pruneopts = "UT"
  revision = "24a2b68e0316dd16128e820c3d60c89ed09911b0"

[[projects]]
  branch = "master"
  digest = "1:38d124c2f02b17553ae5d3ce7d5d093835602049ade576b86d24472e6b14b3f6"
  name = "github.com/gobuffalo/genny"
  packages = [
    ".",
    "movinglater/gotools",
    "movinglater/gotools/goimports",
    "movinglater/gotools/gomods",
  ]
  pruneopts = "UT"
  revision = "e26c8466f14d166c788e19ae99c5f077f9ea160b"

[[projects]]
  branch = "master"
  digest = "1:e8cb200d6a09e43a021bf746a83ebf8c82b8e8a943c211cdcddc680f2d9e6cfb"
  name = "github.com/gobuffalo/logger"
  packages = ["."]
  pruneopts = "UT"
  revision = "5b956e21995cbed3ab29e4901f9e746a6a1d53bb"

[[projects]]
  digest = "1:4f8c1fa9aeaaf6c601fc0961ec6f63bf4c72f6092de72a76c8f9c719585aaf63"
  name = "github.com/gobuffalo/mapi"
  packages = ["."]
  pruneopts = "UT"
  revision = "09ac528b16b7e871fe0f14d4867a07820a30a14b"
  version = "v1.0.1"

[[projects]]
  branch = "master"
  digest = "1:94d222b7d7da6545255ca9c8ab299a6fbbb9bc50b6652ac97ac4302eb98dcccf"
  name = "github.com/gobuffalo/meta"
  packages = ["."]
  pruneopts = "UT"
  revision = "0d7e59dd540b2ef77f8dd051c596c8b6f8c660f9"

[[projects]]
  branch = "master"
  digest = "1:3617620c7cbc54dc84ab1f674ca021c1a9f49eeaa98ff81ceb202a626c7b9c66"
  name = "github.com/gobuffalo/packd"
  packages = ["."]
  pruneopts = "UT"
  revision = "eca3b8fd66872a76119b189bbe0f58f776a2a39f"

[[projects]]
  digest = "1:8822adc88da999b7214a08db6111f128ca772c82555ef0bda076844211d38793"
  name = "github.com/gobuffalo/packr"
  packages = [
    "v2",
    "v2/file",
    "v2/file/resolver",
    "v2/file/resolver/encoding/hex",
    "v2/jam/parser",
    "v2/plog",
  ]
  pruneopts = "UT"
  revision = "679459352e18b4c74274a979d695fe13b68730c1"
  version = "v1.21.9"

[[projects]]
  branch = "master"
  digest = "1:da425896866b704cec05178819d7f31c7d5dad4d705403607b971b326bc7fea3"
  name = "github.com/gobuffalo/syncx"
  packages = ["."]
  pruneopts = "UT"
  revision = "558ac7de985fc4f4057bff27c7bdf99e92fe0750"

[[projects]]
  digest = "1:870d441fe217b8e689d7949fef6e43efbc787e50f200cb1e70dbca9204a1d6be"
  name = "github.com/inconshreveable/mousetrap"
  packages = ["."]
  pruneopts = "UT"
  revision = "76626ae9c91c4f2a10f34cad8ce83ea42c93bb75"
  version = "v1.0"

[[projects]]
  digest = "1:ecd9aa82687cf31d1585d4ac61d0ba180e42e8a6182b85bd785fcca8dfeefc1b"
  name = "github.com/joho/godotenv"
  packages = ["."]
  pruneopts = "UT"
  revision = "23d116af351c84513e1946b527c88823e476be13"
  version = "v1.3.0"

[[projects]]
  digest = "1:3a3029532366b517900dc8c3e0ea032bf35d913bfac330876dc3efbf177bd6d3"
  name = "github.com/karrick/godirwalk"
  packages = ["."]
  pruneopts = "UT"
  revision = "cceff240ca8af695e41738831646717e80d2f846"
  version = "v1.7.7"

[[projects]]
  digest = "1:0a69a1c0db3591fcefb47f115b224592c8dfa4368b7ba9fae509d5e16cdc95c8"
  name = "github.com/konsorten/go-windows-terminal-sequences"
  packages = ["."]
  pruneopts = "UT"
  revision = "5c8c8bd35d3832f5d134ae1e1e375b69a4d25242"
  version = "v1.0.1"

[[projects]]
  branch = "master"
  digest = "1:6e2ed1bdbf1d14b4d0be58bcd3f1c3000c1e226964354457b8e6ca69e83a1cbb"
  name = "github.com/markbates/oncer"
  packages = ["."]
  pruneopts = "UT"
  revision = "bf2de49a0be218916e69a11d22866e6cd0a560f2"

[[projects]]
  digest = "1:28687e854cec240942c103259668b132a8450b05a6cc677eea2282b26ae29310"
  name = "github.com/markbates/safe"
  packages = ["."]
  pruneopts = "UT"
  revision = "6fea05a5732486546a4836b7a1d596c5ec687b98"
  version = "v1.0.1"

[[projects]]
  digest = "1:40e195917a951a8bf867cd05de2a46aaf1806c50cf92eebf4c16f78cd196f747"
  name = "github.com/pkg/errors"
  packages = ["."]
  pruneopts = "UT"
  revision = "645ef00459ed84a119197bfb8d8205042c6df63d"
  version = "v0.8.0"

[[projects]]
  digest = "1:efafa5160b1666d27e6e1ad4cd3fba27ce73aaaa1e99c3d02e14e55690a8878d"
  name = "github.com/rogpeppe/go-internal"
  packages = [
    "modfile",
    "module",
    "semver",
  ]
  pruneopts = "UT"
  revision = "d87f08a7d80821c797ffc8eb8f4e01675f378736"
  version = "v1.0.0"

[[projects]]
  digest = "1:69b1cc331fca23d702bd72f860c6a647afd0aa9fcbc1d0659b1365e26546dd70"
  name = "github.com/sirupsen/logrus"
  packages = ["."]
  pruneopts = "UT"
  revision = "bcd833dfe83d3cebad139e4a29ed79cb2318bf95"
  version = "v1.2.0"

[[projects]]
  digest = "1:645cabccbb4fa8aab25a956cbcbdf6a6845ca736b2c64e197ca7cbb9d210b939"
  name = "github.com/spf13/cobra"
  packages = ["."]
  pruneopts = "UT"
  revision = "ef82de70bb3f60c65fb8eebacbb2d122ef517385"
  version = "v0.0.3"

[[projects]]
  digest = "1:c1b1102241e7f645bc8e0c22ae352e8f0dc6484b6cb4d132fa9f24174e0119e2"
  name = "github.com/spf13/pflag"
  packages = ["."]
  pruneopts = "UT"
  revision = "298182f68c66c05229eb03ac171abe6e309ee79a"
  version = "v1.0.3"

[[projects]]
  branch = "master"
  digest = "1:38f553aff0273ad6f367cb0a0f8b6eecbaef8dc6cb8b50e57b6a81c1d5b1e332"
  name = "golang.org/x/crypto"
  packages = ["ssh/terminal"]
  pruneopts = "UT"
  revision = "505ab145d0a99da450461ae2c1a9f6cd10d1f447"

[[projects]]
  branch = "master"
  digest = "1:10405139b45e3a97a3842c93984710e30466eb933545f219ad3f5e45246973b4"
  name = "golang.org/x/sys"
  packages = [
    "unix",
    "windows",
  ]
  pruneopts = "UT"
  revision = "9a3f9b0469bbc6b8802087ae5c0af9f61502de01"

[[projects]]
  branch = "master"
  digest = "1:b7ef5af07b9421973508acd2a12e1d82d948357b0a584962ed5f5dbf6bd90681"
  name = "golang.org/x/tools"
  packages = [
    "go/ast/astutil",
    "go/gcexportdata",
    "go/internal/cgo",
    "go/internal/gcimporter",
    "go/internal/packagesdriver",
    "go/packages",
    "go/types/typeutil",
    "imports",
    "internal/fastwalk",
    "internal/gopathwalk",
    "internal/semver",
  ]
  pruneopts = "UT"
  revision = "d00ac6d27372a4273825635281f2dc360d4be563"

[solve-meta]
  analyzer-name = "dep"
  analyzer-version = 1
  input-imports = [
    "github.com/go-test/deep",
    "github.com/gobuffalo/packr/v2",
    "github.com/gobuffalo/packr/v2/file/resolver",
  ]
  solver-name = "gps-cdcl"
  solver-version = 1
